
Microsoft Visual Studio Solution File, Format Version 12.00
# Visual Studio 2012
Project("{FAE04EC0-301F-11D3-BF4B-00C04F79EFBC}") = "SunYB_test", "SunYB_test\SunYB_test.csproj", "{E53A2449-95A7-45D5-A3FA-01D8A7D5FA42}"
EndProject
Global
	GlobalSection(SolutionConfigurationPlatforms) = preSolution
		Debug|x86 = Debug|x86
		Release|x86 = Release|x86
	EndGlobalSection
	GlobalSection(ProjectConfigurationPlatforms) = postSolution
		{E53A2449-95A7-45D5-A3FA-01D8A7D5FA42}.Debug|x86.ActiveCfg = Debug|x86
		{E53A2449-95A7-45D5-A3FA-01D8A7D5FA42}.Debug|x86.Build.0 = Debug|x86
		{E53A2449-95A7-45D5-A3FA-01D8A7D5FA42}.Release|x86.ActiveCfg = Release|x86
		{E53A2449-95A7-45D5-A3FA-01D8A7D5FA42}.Release|x86.Build.0 = Release|x86
	EndGlobalSection
EndGlobal
